# This file is automatically @generated by Cargo.
# It is not intended for manual editing.
version = 3

[[package]]
name = "struct_inspect"
version = "0.1.0"
dependencies = [
 "struct_inspect_derive",
]

[[package]]
name = "struct_inspect_derive"
version = "0.1.0"

[[package]]
name = "test"
version = "0.1.0"
dependencies = [
 "struct_inspect",
]
